# THIS IS AN AUTOGENERATED FILE. DO NOT EDIT THIS FILE DIRECTLY.
# yarn lockfile v1


asea@^0.6.0:
  version "0.6.0"
  resolved "https://registry.yarnpkg.com/asea/-/asea-0.6.0.tgz#b5b6153ee82e4e69eddb83ac8a29887381dad5e8"
  dependencies:
    babel-runtime "^6.20.0"
    harden "^0.12.0"

ate@^0.4.0:
  version "0.4.0"
  resolved "https://registry.yarnpkg.com/ate/-/ate-0.4.0.tgz#8c34f6a488a6d357d13de37d7b5da4fef854139e"
  dependencies:
    babel-runtime "^6.20.0"
    falzy "^0.7.0"
    protype "^0.7.0"
    zelf "^0.4.0"

babel-runtime@^6.20.0:
  version "6.20.0"
  resolved "https://registry.yarnpkg.com/babel-runtime/-/babel-runtime-6.20.0.tgz#87300bdcf4cd770f09bf0048c64204e17806d16f"
  dependencies:
    core-js "^2.4.0"
    regenerator-runtime "^0.10.0"

called@^0.6.0:
  version "0.6.0"
  resolved "https://registry.yarnpkg.com/called/-/called-0.6.0.tgz#7e5c17c1294dd8f163570d8d9be1a9b53ca6179b"
  dependencies:
    babel-runtime "^6.20.0"
    harden "^0.12.0"
    kloak "0.0.0"
    protype "^0.8.0"
    raze "^0.6.0"
    zelf "^0.4.0"

cemento@^0.5.0:
  version "0.5.0"
  resolved "https://registry.yarnpkg.com/cemento/-/cemento-0.5.0.tgz#20457d4c79a7768a2b4964d0e1527af4684e853e"
  dependencies:
    babel-runtime "^6.20.0"
    harden "^0.12.0"

cobralize@^0.3.0:
  version "0.3.0"
  resolved "https://registry.yarnpkg.com/cobralize/-/cobralize-0.3.0.tgz#f1fb0527f5d153c6a04949f147259333c8a4b53e"
  dependencies:
    babel-runtime "^6.20.0"
    disdo "^0.3.0"
    falzy "^0.7.0"
    protype "^0.7.0"

core-js@^2.4.0:
  version "2.4.1"
  resolved "https://registry.yarnpkg.com/core-js/-/core-js-2.4.1.tgz#4de911e667b0eae9124e34254b53aea6fc618d3e"

disdo@^0.3.0:
  version "0.3.0"
  resolved "https://registry.yarnpkg.com/disdo/-/disdo-0.3.0.tgz#200222bb8865d2702bc43973c46ef4c5ca5cb975"
  dependencies:
    babel-runtime "^6.20.0"
    falzy "^0.7.0"
    harden "^0.12.0"
    protype "^0.7.0"

doubt@^0.6.0:
  version "0.6.0"
  resolved "https://registry.yarnpkg.com/doubt/-/doubt-0.6.0.tgz#c5f15725443d00a8aa91694f9dce8d2021c9f0c1"
  dependencies:
    babel-runtime "^6.20.0"
    cemento "^0.5.0"
    harden "^0.12.0"
    protype "^0.7.0"

falzy@^0.7.0:
  version "0.7.0"
  resolved "https://registry.yarnpkg.com/falzy/-/falzy-0.7.0.tgz#ed5a866d8e91b0ae6b7a4a207e289bbfe42af77f"
  dependencies:
    babel-runtime "^6.20.0"
    protype "^0.7.0"

harden@^0.12.0:
  version "0.12.0"
  resolved "https://registry.yarnpkg.com/harden/-/harden-0.12.0.tgz#b480d26d2d366a8d329cef724fb898fcbf195228"
  dependencies:
    babel-runtime "^6.20.0"

kein@^0.2.0:
  version "0.2.0"
  resolved "https://registry.yarnpkg.com/kein/-/kein-0.2.0.tgz#642a7f5ca4a1095e94d942fb1eee5455bfc9052b"
  dependencies:
    babel-runtime "^6.20.0"
    falzy "^0.7.0"
    protype "^0.8.0"

kloak@0.0.0:
  version "0.0.0"
  resolved "https://registry.yarnpkg.com/kloak/-/kloak-0.0.0.tgz#cc26f911e22ac5f6357761c70d87b2f12ad1b4e1"
  dependencies:
    ate "^0.4.0"
    babel-runtime "^6.20.0"
    cobralize "^0.3.0"
    falzy "^0.7.0"
    harden "^0.12.0"
    kein "^0.2.0"
    protype "^0.8.0"
    transpher "0.0.0"
    truly "^0.5.0"

protype@^0.7.0:
  version "0.7.0"
  resolved "https://registry.yarnpkg.com/protype/-/protype-0.7.0.tgz#72d31005cb8d6abf2a6735049811d64770c3ede3"
  dependencies:
    babel-runtime "^6.20.0"
    cemento "^0.5.0"
    harden "^0.12.0"

protype@^0.8.0:
  version "0.8.0"
  resolved "https://registry.yarnpkg.com/protype/-/protype-0.8.0.tgz#e22dec18bf4a9ba18ab57567704846bb85f7c7ca"
  dependencies:
    babel-runtime "^6.20.0"
    cemento "^0.5.0"
    harden "^0.12.0"

raze@^0.6.0:
  version "0.6.0"
  resolved "https://registry.yarnpkg.com/raze/-/raze-0.6.0.tgz#041fb442003078120a603cf1a9ea9c06b90827ea"
  dependencies:
    babel-runtime "^6.20.0"
    doubt "^0.6.0"
    harden "^0.12.0"

regenerator-runtime@^0.10.0:
  version "0.10.1"
  resolved "https://registry.yarnpkg.com/regenerator-runtime/-/regenerator-runtime-0.10.1.tgz#257f41961ce44558b18f7814af48c17559f9faeb"

transpher@0.0.0:
  version "0.0.0"
  resolved "https://registry.yarnpkg.com/transpher/-/transpher-0.0.0.tgz#ce2b13e91357734df860f0c2ea175d8c5ddef8fa"
  dependencies:
    ate "^0.4.0"
    babel-runtime "^6.20.0"
    falzy "^0.7.0"

truly@^0.5.0:
  version "0.5.0"
  resolved "https://registry.yarnpkg.com/truly/-/truly-0.5.0.tgz#632cc4d1f55b857637e9a6729e573f503fb2a232"
  dependencies:
    babel-runtime "^6.20.0"
    protype "^0.7.0"

zelf@^0.4.0:
  version "0.4.0"
  resolved "https://registry.yarnpkg.com/zelf/-/zelf-0.4.0.tgz#d1d043930451ff260b06641f5606960910e70950"
  dependencies:
    asea "^0.6.0"
    babel-runtime "^6.20.0"
