# THIS IS AN AUTOGENERATED FILE. DO NOT EDIT THIS FILE DIRECTLY.
# yarn lockfile v1


asea@^0.7.0:
  version "0.7.0"
  resolved "https://registry.yarnpkg.com/asea/-/asea-0.7.0.tgz#23843c90ee716c777b38dc54b347f37a610b3141"
  dependencies:
    babel-runtime "^6.22.0"
    harden "^0.13.0"

ate@^0.6.0:
  version "0.6.0"
  resolved "https://registry.yarnpkg.com/ate/-/ate-0.6.0.tgz#0fe5a429a0678880d7bed456d29e538d8fdac0ef"
  dependencies:
    babel-runtime "^6.22.0"
    falzy "^0.8.0"
    protype "^0.9.0"
    zelf "^0.5.0"

babel-runtime@^6.20.0, babel-runtime@^6.22.0:
  version "6.22.0"
  resolved "https://registry.yarnpkg.com/babel-runtime/-/babel-runtime-6.22.0.tgz#1cf8b4ac67c77a4ddb0db2ae1f74de52ac4ca611"
  dependencies:
    core-js "^2.4.0"
    regenerator-runtime "^0.10.0"

called@^0.8.0:
  version "0.8.0"
  resolved "https://registry.yarnpkg.com/called/-/called-0.8.0.tgz#bb0f1cb2a77ebd759c7ee5a91ad5c9417d3196f5"
  dependencies:
    babel-runtime "^6.22.0"
    harden "^0.13.0"
    kloak "^0.2.0"
    protype "^0.9.0"
    raze "^0.7.0"

cemento@^0.6.0:
  version "0.6.0"
  resolved "https://registry.yarnpkg.com/cemento/-/cemento-0.6.0.tgz#c1ef665ade24804e43d7588c67ea572a0c5423c9"
  dependencies:
    babel-runtime "^6.22.0"
    harden "^0.13.0"

cobralize@^0.5.0:
  version "0.5.0"
  resolved "https://registry.yarnpkg.com/cobralize/-/cobralize-0.5.0.tgz#71047bdb8a2bb9ab0172123188b893f8308ef6f5"
  dependencies:
    babel-runtime "^6.22.0"
    disdo "^0.5.0"
    falzy "^0.8.0"
    protype "^0.9.0"

core-js@^2.4.0:
  version "2.4.1"
  resolved "https://registry.yarnpkg.com/core-js/-/core-js-2.4.1.tgz#4de911e667b0eae9124e34254b53aea6fc618d3e"

disdo@^0.5.0:
  version "0.5.0"
  resolved "https://registry.yarnpkg.com/disdo/-/disdo-0.5.0.tgz#8e8af8291d25683f26c54e148efbe619957deaf4"
  dependencies:
    babel-runtime "^6.22.0"
    falzy "^0.8.0"
    protype "^0.9.0"

doubt@^0.8.0:
  version "0.8.0"
  resolved "https://registry.yarnpkg.com/doubt/-/doubt-0.8.0.tgz#acd76ed9f621891015f203a39f5be8e12aefe258"
  dependencies:
    babel-runtime "^6.22.0"
    cemento "^0.6.0"
    harden "^0.13.0"
    protype "^0.9.0"

falzy@^0.8.0:
  version "0.8.0"
  resolved "https://registry.yarnpkg.com/falzy/-/falzy-0.8.0.tgz#3a7884fb916be17e9f376447b80782492c4527e5"
  dependencies:
    babel-runtime "^6.22.0"
    protype "^0.9.0"

harden@^0.13.0:
  version "0.13.0"
  resolved "https://registry.yarnpkg.com/harden/-/harden-0.13.0.tgz#179120a4782cb29e24ab3fd4ffc93616e4fd6912"
  dependencies:
    babel-runtime "^6.20.0"

kein@^0.6.0:
  version "0.6.0"
  resolved "https://registry.yarnpkg.com/kein/-/kein-0.6.0.tgz#9da4812fa180df79683880eb4716efed28154446"
  dependencies:
    babel-runtime "^6.22.0"
    falzy "^0.8.0"
    protype "^0.9.0"

kloak@^0.2.0:
  version "0.2.0"
  resolved "https://registry.yarnpkg.com/kloak/-/kloak-0.2.0.tgz#87ee0388861b822cf928491544f909cdbe0d1803"
  dependencies:
    ate "^0.6.0"
    babel-runtime "^6.22.0"
    cobralize "^0.5.0"
    falzy "^0.8.0"
    harden "^0.13.0"
    kein "^0.6.0"
    protype "^0.9.0"
    transpher "^0.3.0"
    truly "^0.7.0"

protype@^0.9.0:
  version "0.9.0"
  resolved "https://registry.yarnpkg.com/protype/-/protype-0.9.0.tgz#349f84d64955c199f4f1a62164f2a50aa04089f3"
  dependencies:
    babel-runtime "^6.22.0"
    cemento "^0.6.0"
    harden "^0.13.0"

raze@^0.7.0:
  version "0.7.0"
  resolved "https://registry.yarnpkg.com/raze/-/raze-0.7.0.tgz#a9d181a0880085c2a390560af38a8b470396b65d"
  dependencies:
    babel-runtime "^6.22.0"
    doubt "^0.8.0"
    harden "^0.13.0"

regenerator-runtime@^0.10.0:
  version "0.10.1"
  resolved "https://registry.yarnpkg.com/regenerator-runtime/-/regenerator-runtime-0.10.1.tgz#257f41961ce44558b18f7814af48c17559f9faeb"

transpher@^0.3.0:
  version "0.3.0"
  resolved "https://registry.yarnpkg.com/transpher/-/transpher-0.3.0.tgz#9fb83463c6e50af72b0e132d181db9de2eb70398"
  dependencies:
    ate "^0.6.0"
    babel-runtime "^6.22.0"
    falzy "^0.8.0"

truly@^0.7.0:
  version "0.7.0"
  resolved "https://registry.yarnpkg.com/truly/-/truly-0.7.0.tgz#710c972fc98f28828348ec84a1f630524900932e"
  dependencies:
    babel-runtime "^6.22.0"
    protype "^0.9.0"

zelf@^0.5.0:
  version "0.5.0"
  resolved "https://registry.yarnpkg.com/zelf/-/zelf-0.5.0.tgz#daefa4473e83632d31e83702be486ea781d05261"
  dependencies:
    asea "^0.7.0"
    babel-runtime "^6.22.0"
