# THIS IS AN AUTOGENERATED FILE. DO NOT EDIT THIS FILE DIRECTLY.
# yarn lockfile v1


asea@^0.8.0:
  version "0.8.0"
  resolved "https://registry.yarnpkg.com/asea/-/asea-0.8.0.tgz#2fb62053c11bb34db371922df1036d0183b79fa9"
  dependencies:
    babel-runtime "^6.22.0"
    harden "^0.14.0"

asea@^0.9.0:
  version "0.9.0"
  resolved "https://registry.yarnpkg.com/asea/-/asea-0.9.0.tgz#3f067ba65d4a01575dc4b2126f84096f875e5ed7"
  dependencies:
    babel-runtime "^6.22.0"
    harden "^0.15.0"

ate@^0.9.0:
  version "0.9.0"
  resolved "https://registry.yarnpkg.com/ate/-/ate-0.9.0.tgz#1af2638e0668fdfa02665b28578293c4cffe04b3"
  dependencies:
    babel-runtime "^6.22.0"
    falzy "^0.11.0"
    protype "^0.15.0"
    zelf "^0.6.0"

babel-runtime@^6.22.0:
  version "6.23.0"
  resolved "https://registry.yarnpkg.com/babel-runtime/-/babel-runtime-6.23.0.tgz#0a9489f144de70efb3ce4300accdb329e2fc543b"
  dependencies:
    core-js "^2.4.0"
    regenerator-runtime "^0.10.0"

called@^0.11.0:
  version "0.11.0"
  resolved "https://registry.yarnpkg.com/called/-/called-0.11.0.tgz#de631418dfd435b5ca3a6decd797f35fa910118a"
  dependencies:
    babel-runtime "^6.22.0"
    harden "^0.14.0"
    kloak "^0.5.0"
    protype "^0.15.0"
    raze "^0.16.0"

cemento@^0.8.0:
  version "0.8.0"
  resolved "https://registry.yarnpkg.com/cemento/-/cemento-0.8.0.tgz#b95751f73f408b70f14d440c1939018ba0bb6e21"
  dependencies:
    babel-runtime "^6.22.0"
    harden "^0.14.0"

cemento@^0.9.0:
  version "0.9.0"
  resolved "https://registry.yarnpkg.com/cemento/-/cemento-0.9.0.tgz#164740a6789d8a75f6c427153088cb8ed21a7622"
  dependencies:
    babel-runtime "^6.22.0"
    harden "^0.15.0"

circular-json@^0.3.1:
  version "0.3.1"
  resolved "https://registry.yarnpkg.com/circular-json/-/circular-json-0.3.1.tgz#be8b36aefccde8b3ca7aa2d6afc07a37242c0d2d"

cobralize@^0.7.0:
  version "0.7.0"
  resolved "https://registry.yarnpkg.com/cobralize/-/cobralize-0.7.0.tgz#81f27a85c82e8c51fbf864b2ee4956592d253d7b"
  dependencies:
    babel-runtime "^6.22.0"
    disdo "^0.7.0"
    falzy "^0.11.0"
    protype "^0.15.0"

core-js@^2.4.0:
  version "2.4.1"
  resolved "https://registry.yarnpkg.com/core-js/-/core-js-2.4.1.tgz#4de911e667b0eae9124e34254b53aea6fc618d3e"

disdo@^0.7.0:
  version "0.7.0"
  resolved "https://registry.yarnpkg.com/disdo/-/disdo-0.7.0.tgz#43d21f3c8befae77c087a1699a4f852c25f2337a"
  dependencies:
    babel-runtime "^6.22.0"
    falzy "^0.11.0"
    protype "^0.15.0"

doubt@^0.14.0:
  version "0.14.0"
  resolved "https://registry.yarnpkg.com/doubt/-/doubt-0.14.0.tgz#0196e55ab36ebd6c855812551b9188a5debeaecc"
  dependencies:
    babel-runtime "^6.22.0"
    cemento "^0.8.0"
    circular-json "^0.3.1"
    falzy "^0.11.0"
    harden "^0.14.0"
    kount "^0.7.0"
    protype "^0.15.0"

falzy@^0.11.0:
  version "0.11.0"
  resolved "https://registry.yarnpkg.com/falzy/-/falzy-0.11.0.tgz#61665d9714b3e0281491e8cd2de7d69726eadde3"
  dependencies:
    babel-runtime "^6.22.0"
    protype "^0.15.0"

falzy@^0.12.0:
  version "0.12.0"
  resolved "https://registry.yarnpkg.com/falzy/-/falzy-0.12.0.tgz#47f6e727469008522ae9d975e8cd9ff1f96e7ac8"
  dependencies:
    babel-runtime "^6.22.0"
    protype "^0.16.0"

harden@^0.14.0:
  version "0.14.0"
  resolved "https://registry.yarnpkg.com/harden/-/harden-0.14.0.tgz#bd9b003c413a80523f60fc0becd2b6e4bd0e3b96"
  dependencies:
    babel-runtime "^6.22.0"

harden@^0.15.0:
  version "0.15.0"
  resolved "https://registry.yarnpkg.com/harden/-/harden-0.15.0.tgz#4e587e30e88f73d5a48730ade90fe1e92f00879f"
  dependencies:
    babel-runtime "^6.22.0"

kein@^0.9.0:
  version "0.9.0"
  resolved "https://registry.yarnpkg.com/kein/-/kein-0.9.0.tgz#302b0275f05358b057115422f53cc14a145ef141"
  dependencies:
    babel-runtime "^6.22.0"
    falzy "^0.11.0"
    protype "^0.15.0"

kloak@^0.5.0:
  version "0.5.0"
  resolved "https://registry.yarnpkg.com/kloak/-/kloak-0.5.0.tgz#6fc43a4ee6f820112ea0df5e1a8385151ac41d4e"
  dependencies:
    ate "^0.9.0"
    babel-runtime "^6.22.0"
    cobralize "^0.7.0"
    falzy "^0.11.0"
    harden "^0.14.0"
    kein "^0.9.0"
    protype "^0.15.0"
    transpher "^0.6.0"
    truly "^0.11.0"

kount@^0.7.0:
  version "0.7.0"
  resolved "https://registry.yarnpkg.com/kount/-/kount-0.7.0.tgz#ffcf367ef7cd68f6e37034b61d5569d4af5bcdd9"
  dependencies:
    babel-runtime "^6.22.0"

protype@^0.15.0:
  version "0.15.0"
  resolved "https://registry.yarnpkg.com/protype/-/protype-0.15.0.tgz#6cb05c750b098760dd268f0c21bae6339aa7d38d"
  dependencies:
    babel-runtime "^6.22.0"
    cemento "^0.8.0"
    harden "^0.14.0"

protype@^0.16.0:
  version "0.16.0"
  resolved "https://registry.yarnpkg.com/protype/-/protype-0.16.0.tgz#425b6a5cbd23bcc8ceda10ee91af0fccb9069fa9"
  dependencies:
    babel-runtime "^6.22.0"
    cemento "^0.9.0"
    harden "^0.15.0"

raze@^0.16.0:
  version "0.16.0"
  resolved "https://registry.yarnpkg.com/raze/-/raze-0.16.0.tgz#89c986ea43c4714669719b9dd93b2d2b2a2f414b"
  dependencies:
    babel-runtime "^6.22.0"
    doubt "^0.14.0"
    harden "^0.14.0"

regenerator-runtime@^0.10.0:
  version "0.10.1"
  resolved "https://registry.yarnpkg.com/regenerator-runtime/-/regenerator-runtime-0.10.1.tgz#257f41961ce44558b18f7814af48c17559f9faeb"

transpher@^0.6.0:
  version "0.6.0"
  resolved "https://registry.yarnpkg.com/transpher/-/transpher-0.6.0.tgz#4bfdadd8681b60d2ccd2f7ba7c8aa964049866c7"
  dependencies:
    ate "^0.9.0"
    babel-runtime "^6.22.0"
    falzy "^0.11.0"

truly@^0.11.0:
  version "0.11.0"
  resolved "https://registry.yarnpkg.com/truly/-/truly-0.11.0.tgz#7465f07bbf0ffec1566458fdc71f37cf3ec54170"
  dependencies:
    babel-runtime "^6.22.0"
    protype "^0.15.0"

zelf@^0.6.0:
  version "0.6.0"
  resolved "https://registry.yarnpkg.com/zelf/-/zelf-0.6.0.tgz#aa4c09680bd9e3148f53ceb5395608b1c0176412"
  dependencies:
    asea "^0.8.0"
    babel-runtime "^6.22.0"

zelf@^0.7.0:
  version "0.7.0"
  resolved "https://registry.yarnpkg.com/zelf/-/zelf-0.7.0.tgz#dd211adb459136099322d2381bd6a39432051dd0"
  dependencies:
    asea "^0.9.0"
    babel-runtime "^6.22.0"
